
Microsoft Visual Studio Solution File, Format Version 12.00
# Visual Studio Version 17
VisualStudioVersion = 17.12.35527.113 d17.12
MinimumVisualStudioVersion = 10.0.40219.1
Project("{FAE04EC0-301F-11D3-BF4B-00C04F79EFBC}") = "WinFormsApp1", "WinFormsApp1\WinFormsApp1.csproj", "{102BE5EE-8C62-4977-A7A4-3601CD64415D}"
EndProject
Global
	GlobalSection(SolutionConfigurationPlatforms) = preSolution
		Debug|Any CPU = Debug|Any CPU
		Release|Any CPU = Release|Any CPU
	EndGlobalSection
	GlobalSection(ProjectConfigurationPlatforms) = postSolution
		{102BE5EE-8C62-4977-A7A4-3601CD64415D}.Debug|Any CPU.ActiveCfg = Debug|Any CPU
		{102BE5EE-8C62-4977-A7A4-3601CD64415D}.Debug|Any CPU.Build.0 = Debug|Any CPU
		{102BE5EE-8C62-4977-A7A4-3601CD64415D}.Release|Any CPU.ActiveCfg = Release|Any CPU
		{102BE5EE-8C62-4977-A7A4-3601CD64415D}.Release|Any CPU.Build.0 = Release|Any CPU
	EndGlobalSection
	GlobalSection(SolutionProperties) = preSolution
		HideSolutionNode = FALSE
	EndGlobalSection
EndGlobal
